PODS:
  - FBSnapshotTestCase (2.1.4):
    - FBSnapshotTestCase/SwiftSupport (= 2.1.4)
  - FBSnapshotTestCase/Core (2.1.4)
  - FBSnapshotTestCase/SwiftSupport (2.1.4):
    - FBSnapshotTestCase/Core
  - GNRCoreKit (0.1.1)

DEPENDENCIES:
  - FBSnapshotTestCase
  - GNRCoreKit (from `../`)

EXTERNAL SOURCES:
  GNRCoreKit:
    :path: "../"

SPEC CHECKSUMS:
  FBSnapshotTestCase: 094f9f314decbabe373b87cc339bea235a63e07a
  GNRCoreKit: 6d9dba4a59baa63c6b26362302b498461c191fe0

PODFILE CHECKSUM: b1d7c7a3924377f79d7253dc4a65f7c690bb5bea

COCOAPODS: 1.2.1
